
Microsoft Visual Studio Solution File, Format Version 12.00
# Visual Studio Version 16
VisualStudioVersion = 16.0.810.6
MinimumVisualStudioVersion = 10.0.40219.1
Project("{FAE04EC0-301F-11D3-BF4B-00C04F79EFBC}") = "task3_dotnetProject", "task3_dotnetProject\task3_dotnetProject.csproj", "{9D898374-D598-4B6C-B014-15F286AE6EF0}"
EndProject
Global
	GlobalSection(SolutionConfigurationPlatforms) = preSolution
		Debug|Any CPU = Debug|Any CPU
		Release|Any CPU = Release|Any CPU
	EndGlobalSection
	GlobalSection(ProjectConfigurationPlatforms) = postSolution
		{9D898374-D598-4B6C-B014-15F286AE6EF0}.Debug|Any CPU.ActiveCfg = Debug|Any CPU
		{9D898374-D598-4B6C-B014-15F286AE6EF0}.Debug|Any CPU.Build.0 = Debug|Any CPU
		{9D898374-D598-4B6C-B014-15F286AE6EF0}.Release|Any CPU.ActiveCfg = Release|Any CPU
		{9D898374-D598-4B6C-B014-15F286AE6EF0}.Release|Any CPU.Build.0 = Release|Any CPU
	EndGlobalSection
	GlobalSection(SolutionProperties) = preSolution
		HideSolutionNode = FALSE
	EndGlobalSection
	GlobalSection(ExtensibilityGlobals) = postSolution
		SolutionGuid = {E5F14B6F-CE98-4AEB-B312-D0B17E8FB040}
	EndGlobalSection
EndGlobal
